
Microsoft Visual Studio Solution File, Format Version 12.00
# Visual Studio Version 17
VisualStudioVersion = 17.8.34408.163
MinimumVisualStudioVersion = 10.0.40219.1
Project("{FAE04EC0-301F-11D3-BF4B-00C04F79EFBC}") = "Tournaments.Web", "Tournaments.Web.csproj", "{EEEBE6E9-74B3-4CB6-AE67-A165AA8B1B5E}"
EndProject
Global
	GlobalSection(SolutionConfigurationPlatforms) = preSolution
		Debug|Any CPU = Debug|Any CPU
		Release|Any CPU = Release|Any CPU
	EndGlobalSection
	GlobalSection(ProjectConfigurationPlatforms) = postSolution
		{EEEBE6E9-74B3-4CB6-AE67-A165AA8B1B5E}.Debug|Any CPU.ActiveCfg = Debug|Any CPU
		{EEEBE6E9-74B3-4CB6-AE67-A165AA8B1B5E}.Debug|Any CPU.Build.0 = Debug|Any CPU
		{EEEBE6E9-74B3-4CB6-AE67-A165AA8B1B5E}.Release|Any CPU.ActiveCfg = Release|Any CPU
		{EEEBE6E9-74B3-4CB6-AE67-A165AA8B1B5E}.Release|Any CPU.Build.0 = Release|Any CPU
	EndGlobalSection
	GlobalSection(SolutionProperties) = preSolution
		HideSolutionNode = FALSE
	EndGlobalSection
	GlobalSection(ExtensibilityGlobals) = postSolution
		SolutionGuid = {B58726D4-25B6-4B28-B5E0-99C93D0EB2F9}
	EndGlobalSection
EndGlobal
